{
  "name": "svg-morpher",
  "version": "1.0.2",
  "lockfileVersion": 1,
  "requires": true,
  "dependencies": {
    "commander": {
      "version": "2.20.0",
      "resolved": "https://registry.npmjs.org/commander/-/commander-2.20.0.tgz",
      "integrity": "sha512-7j2y+40w61zy6YC2iRNpUe/NwhNyoXrYpHMrSunaMG64nRnaf96zO/KMQR4OyN/UnE5KLyEBnKHd4aG3rskjpQ=="
    },
    "d3-array": {
      "version": "1.2.4",
      "resolved": "https://registry.npmjs.org/d3-array/-/d3-array-1.2.4.tgz",
      "integrity": "sha512-KHW6M86R+FUPYGb3R5XiYjXPq7VzwxZ22buHhAEVG5ztoEcZZMLov530mmccaqA1GghZArjQV46fuc8kUqhhHw=="
    },
    "d3-polygon": {
      "version": "1.0.5",
      "resolved": "https://registry.npmjs.org/d3-polygon/-/d3-polygon-1.0.5.tgz",
      "integrity": "sha512-RHhh1ZUJZfhgoqzWWuRhzQJvO7LavchhitSTHGu9oj6uuLFzYZVeBzaWTQ2qSO6bz2w55RMoOCf0MsLCDB6e0w=="
    },
    "earcut": {
      "version": "2.1.5",
      "resolved": "https://registry.npmjs.org/earcut/-/earcut-2.1.5.tgz",
      "integrity": "sha512-QFWC7ywTVLtvRAJTVp8ugsuuGQ5mVqNmJ1cRYeLrSHgP3nycr2RHTJob9OtM0v8ujuoKN0NY1a93J/omeTL1PA=="
    },
    "flubber": {
      "version": "0.4.2",
      "resolved": "https://registry.npmjs.org/flubber/-/flubber-0.4.2.tgz",
      "integrity": "sha512-79RkJe3rA4nvRCVc2uXjj7U/BAUq84TS3KHn6c0Hr9K64vhj83ZNLUziNx4pJoBumSPhOl5VjH+Z0uhi+eE8Uw==",
      "requires": {
        "d3-array": "^1.2.0",
        "d3-polygon": "^1.0.3",
        "earcut": "^2.1.1",
        "svg-path-properties": "^0.2.1",
        "svgpath": "^2.2.1",
        "topojson-client": "^3.0.0"
      }
    },
    "just-animate": {
      "version": "2.6.2",
      "resolved": "https://registry.npmjs.org/just-animate/-/just-animate-2.6.2.tgz",
      "integrity": "sha512-9dWgD77Uu+Lh5qyqR0HFreT1w6nWOPAMSeqOEhQlNt6cCvvMOh+3UGq2CbtspCRqm5TeWBFCpBWTk9EG3g3ojQ==",
      "requires": {
        "just-curves": "0.2.0"
      }
    },
    "just-curves": {
      "version": "0.2.0",
      "resolved": "https://registry.npmjs.org/just-curves/-/just-curves-0.2.0.tgz",
      "integrity": "sha512-7EGCEGid6kVk51iFGR7AQewUDMT1OvZc8Mqj1PthErLNaa5nkQIq+heyzmXDzZPkAEwtouplNy7+Bovq2V0WaA=="
    },
    "svg-path-properties": {
      "version": "0.2.2",
      "resolved": "https://registry.npmjs.org/svg-path-properties/-/svg-path-properties-0.2.2.tgz",
      "integrity": "sha1-sHPYG+cpLq4OIzq4qD9Y3CcRMpY="
    },
    "svgpath": {
      "version": "2.2.2",
      "resolved": "https://registry.npmjs.org/svgpath/-/svgpath-2.2.2.tgz",
      "integrity": "sha512-7cXFbkZvPkZpKLC+3QIfyUd3/Un/CvJONjTD3Gz5qLuEa73StPOt8kZjTi9apxO6zwCaza0bPNnmzTyrQ4qQlw=="
    },
    "topojson-client": {
      "version": "3.0.1",
      "resolved": "https://registry.npmjs.org/topojson-client/-/topojson-client-3.0.1.tgz",
      "integrity": "sha512-rfGGzyqefpxOaxvV9OTF9t+1g+WhjGEbAIuCcmKYrQkxr0nttjMMyzZsK+NhLW4cTl2g1bz2jQczPUtEshpbVQ==",
      "requires": {
        "commander": "2"
      }
    }
  }
}
